
Microsoft Visual Studio Solution File, Format Version 12.00
# Visual Studio 14
VisualStudioVersion = 14.0.23107.0
MinimumVisualStudioVersion = 10.0.40219.1
Project("{FAE04EC0-301F-11D3-BF4B-00C04F79EFBC}") = "CExtensions.Common", "CExtensions.Common\CExtensions.Common.csproj", "{C710DDA4-8901-4D9A-BE63-AD7DC134DF1F}"
EndProject
Project("{FAE04EC0-301F-11D3-BF4B-00C04F79EFBC}") = "CExtensions.Effort", "CExtensions.Effort\CExtensions.Effort.csproj", "{0D71D2C6-7C3E-405E-B724-7751AC738A3A}"
EndProject
Project("{FAE04EC0-301F-11D3-BF4B-00C04F79EFBC}") = "CExtensions.Effort.Test", "CExtensions.Effort.Test\CExtensions.Effort.Test.csproj", "{5DC54C26-B99F-497D-9A80-97E42DDF9847}"
EndProject
Project("{FAE04EC0-301F-11D3-BF4B-00C04F79EFBC}") = "CExtensions.EntityFramework", "CExtensions.EntityFramework\CExtensions.EntityFramework.csproj", "{7F682122-0E9A-4181-8103-25E268FA6FF2}"
EndProject
Project("{FAE04EC0-301F-11D3-BF4B-00C04F79EFBC}") = "CExtensions.Xml", "CExtensions.Xml\CExtensions.Xml.csproj", "{DC38D433-3B8D-4672-87A4-E37A1F699FE8}"
EndProject
Project("{FAE04EC0-301F-11D3-BF4B-00C04F79EFBC}") = "CExtensions.Xml.Test", "CExtensions.Xml.Test\CExtensions.Xml.Test.csproj", "{1411283A-E8E5-4BBC-8202-1A95150BE6C6}"
EndProject
Project("{2150E333-8FDC-42A3-9474-1A3956D46DE8}") = ".nuget", ".nuget", "{2AA6B3E1-B736-403E-A25E-86BD7D62AC7C}"
	ProjectSection(SolutionItems) = preProject
		.nuget\NuGet.Config = .nuget\NuGet.Config
		.nuget\NuGet.exe = .nuget\NuGet.exe
		.nuget\NuGet.targets = .nuget\NuGet.targets
	EndProjectSection
EndProject
Project("{FAE04EC0-301F-11D3-BF4B-00C04F79EFBC}") = "CExtensions.EntityFramework.Test", "CExtensions.EntityFramework.Test\CExtensions.EntityFramework.Test.csproj", "{A372288F-D715-4150-A236-1F29B77007EA}"
EndProject
Project("{2150E333-8FDC-42A3-9474-1A3956D46DE8}") = "test", "test", "{C23B6058-7F42-419C-A69F-C0C7C885C488}"
EndProject
Project("{FAE04EC0-301F-11D3-BF4B-00C04F79EFBC}") = "CExtensions.Common.Test", "CExtensions.Common.Test\CExtensions.Common.Test.csproj", "{860A9542-5EED-439B-84FC-E3493CC4E320}"
EndProject
Project("{2150E333-8FDC-42A3-9474-1A3956D46DE8}") = "samples", "samples", "{1B2081D2-F000-4AA0-A222-131E40336604}"
EndProject
Project("{FAE04EC0-301F-11D3-BF4B-00C04F79EFBC}") = "CExtensions.Sample.Model", "CExtensions.Sample.Model\CExtensions.Sample.Model.csproj", "{377AAA24-DF56-47A4-BEA0-89E73781F6BC}"
EndProject
Project("{FAE04EC0-301F-11D3-BF4B-00C04F79EFBC}") = "CExtensions.Sample.Services", "CExtensions.Sample.Services\CExtensions.Sample.Services.csproj", "{D4B3B1FD-F7EA-4C49-AF16-292465F388F3}"
EndProject
Project("{FAE04EC0-301F-11D3-BF4B-00C04F79EFBC}") = "CExtensions.Sample.Services.Test", "CExtensions.Sample.Services.Test\CExtensions.Sample.Services.Test.csproj", "{15812047-F683-4354-AB20-89B53C88259F}"
EndProject
Project("{FAE04EC0-301F-11D3-BF4B-00C04F79EFBC}") = "CExtensions.Test.Model", "CExetnsions.Test.Model\CExtensions.Test.Model.csproj", "{36CDD704-B748-4224-A9DC-3BA11AD5EA07}"
EndProject
Project("{FAE04EC0-301F-11D3-BF4B-00C04F79EFBC}") = "Test.Helper", "Test.Helper\Test.Helper.csproj", "{E482F0DF-10A7-4307-A5AD-EB7700786FFA}"
EndProject
Project("{FAE04EC0-301F-11D3-BF4B-00C04F79EFBC}") = "CExtensions.Sample.Dal", "CExtensions.Sample.Dal\CExtensions.Sample.Dal.csproj", "{5A0B3D64-3536-420E-8686-E6BB8F1FAE41}"
EndProject
Project("{FAE04EC0-301F-11D3-BF4B-00C04F79EFBC}") = "CExtensions.Sample.Dto", "Cexetnsions.Sample.Dto\CExtensions.Sample.Dto.csproj", "{7AA198BE-CF2C-4344-B31F-B1132AA3C8E8}"
EndProject
Project("{FAE04EC0-301F-11D3-BF4B-00C04F79EFBC}") = "CExtensions.SqlCE", "CExtensions.SqlCE\CExtensions.SqlCE.csproj", "{98EC26D6-EB29-454C-9DFA-300CFCA8F3AD}"
EndProject
Project("{FAE04EC0-301F-11D3-BF4B-00C04F79EFBC}") = "CExtensions.SqlCE.Test", "CExtensions.SqlCE.Test\CExtensions.SqlCE.Test.csproj", "{72581C1A-6534-4512-B90D-FAA38121C02F}"
EndProject
Global
	GlobalSection(SolutionConfigurationPlatforms) = preSolution
		Debug_ef6_net40|Any CPU = Debug_ef6_net40|Any CPU
		Debug_ef6_net45|Any CPU = Debug_ef6_net45|Any CPU
		Debug_pre-ef6_net40|Any CPU = Debug_pre-ef6_net40|Any CPU
		Debug_pre-ef6_net45|Any CPU = Debug_pre-ef6_net45|Any CPU
		Debug|Any CPU = Debug|Any CPU
		Release_ef6_net40|Any CPU = Release_ef6_net40|Any CPU
		Release_ef6_net45|Any CPU = Release_ef6_net45|Any CPU
		Release_pre-ef6_net40|Any CPU = Release_pre-ef6_net40|Any CPU
		Release_pre-ef6_net45|Any CPU = Release_pre-ef6_net45|Any CPU
		Release|Any CPU = Release|Any CPU
	EndGlobalSection
	GlobalSection(ProjectConfigurationPlatforms) = postSolution
		{C710DDA4-8901-4D9A-BE63-AD7DC134DF1F}.Debug_ef6_net40|Any CPU.ActiveCfg = Debug|Any CPU
		{C710DDA4-8901-4D9A-BE63-AD7DC134DF1F}.Debug_ef6_net40|Any CPU.Build.0 = Debug|Any CPU
		{C710DDA4-8901-4D9A-BE63-AD7DC134DF1F}.Debug_ef6_net45|Any CPU.ActiveCfg = Debug|Any CPU
		{C710DDA4-8901-4D9A-BE63-AD7DC134DF1F}.Debug_ef6_net45|Any CPU.Build.0 = Debug|Any CPU
		{C710DDA4-8901-4D9A-BE63-AD7DC134DF1F}.Debug_pre-ef6_net40|Any CPU.ActiveCfg = Debug|Any CPU
		{C710DDA4-8901-4D9A-BE63-AD7DC134DF1F}.Debug_pre-ef6_net40|Any CPU.Build.0 = Debug|Any CPU
		{C710DDA4-8901-4D9A-BE63-AD7DC134DF1F}.Debug_pre-ef6_net45|Any CPU.ActiveCfg = Debug|Any CPU
		{C710DDA4-8901-4D9A-BE63-AD7DC134DF1F}.Debug_pre-ef6_net45|Any CPU.Build.0 = Debug|Any CPU
		{C710DDA4-8901-4D9A-BE63-AD7DC134DF1F}.Debug|Any CPU.ActiveCfg = Debug|Any CPU
		{C710DDA4-8901-4D9A-BE63-AD7DC134DF1F}.Debug|Any CPU.Build.0 = Debug|Any CPU
		{C710DDA4-8901-4D9A-BE63-AD7DC134DF1F}.Release_ef6_net40|Any CPU.ActiveCfg = Release|Any CPU
		{C710DDA4-8901-4D9A-BE63-AD7DC134DF1F}.Release_ef6_net40|Any CPU.Build.0 = Release|Any CPU
		{C710DDA4-8901-4D9A-BE63-AD7DC134DF1F}.Release_ef6_net45|Any CPU.ActiveCfg = Release|Any CPU
		{C710DDA4-8901-4D9A-BE63-AD7DC134DF1F}.Release_ef6_net45|Any CPU.Build.0 = Release|Any CPU
		{C710DDA4-8901-4D9A-BE63-AD7DC134DF1F}.Release_pre-ef6_net40|Any CPU.ActiveCfg = Release|Any CPU
		{C710DDA4-8901-4D9A-BE63-AD7DC134DF1F}.Release_pre-ef6_net40|Any CPU.Build.0 = Release|Any CPU
		{C710DDA4-8901-4D9A-BE63-AD7DC134DF1F}.Release_pre-ef6_net45|Any CPU.ActiveCfg = Release|Any CPU
		{C710DDA4-8901-4D9A-BE63-AD7DC134DF1F}.Release_pre-ef6_net45|Any CPU.Build.0 = Release|Any CPU
		{C710DDA4-8901-4D9A-BE63-AD7DC134DF1F}.Release|Any CPU.ActiveCfg = Release|Any CPU
		{C710DDA4-8901-4D9A-BE63-AD7DC134DF1F}.Release|Any CPU.Build.0 = Release|Any CPU
		{0D71D2C6-7C3E-405E-B724-7751AC738A3A}.Debug_ef6_net40|Any CPU.ActiveCfg = Debug|Any CPU
		{0D71D2C6-7C3E-405E-B724-7751AC738A3A}.Debug_ef6_net40|Any CPU.Build.0 = Debug|Any CPU
		{0D71D2C6-7C3E-405E-B724-7751AC738A3A}.Debug_ef6_net45|Any CPU.ActiveCfg = Debug|Any CPU
		{0D71D2C6-7C3E-405E-B724-7751AC738A3A}.Debug_ef6_net45|Any CPU.Build.0 = Debug|Any CPU
		{0D71D2C6-7C3E-405E-B724-7751AC738A3A}.Debug_pre-ef6_net40|Any CPU.ActiveCfg = Debug|Any CPU
		{0D71D2C6-7C3E-405E-B724-7751AC738A3A}.Debug_pre-ef6_net40|Any CPU.Build.0 = Debug|Any CPU
		{0D71D2C6-7C3E-405E-B724-7751AC738A3A}.Debug_pre-ef6_net45|Any CPU.ActiveCfg = Debug|Any CPU
		{0D71D2C6-7C3E-405E-B724-7751AC738A3A}.Debug_pre-ef6_net45|Any CPU.Build.0 = Debug|Any CPU
		{0D71D2C6-7C3E-405E-B724-7751AC738A3A}.Debug|Any CPU.ActiveCfg = Debug|Any CPU
		{0D71D2C6-7C3E-405E-B724-7751AC738A3A}.Debug|Any CPU.Build.0 = Debug|Any CPU
		{0D71D2C6-7C3E-405E-B724-7751AC738A3A}.Release_ef6_net40|Any CPU.ActiveCfg = Release|Any CPU
		{0D71D2C6-7C3E-405E-B724-7751AC738A3A}.Release_ef6_net40|Any CPU.Build.0 = Release|Any CPU
		{0D71D2C6-7C3E-405E-B724-7751AC738A3A}.Release_ef6_net45|Any CPU.ActiveCfg = Release|Any CPU
		{0D71D2C6-7C3E-405E-B724-7751AC738A3A}.Release_ef6_net45|Any CPU.Build.0 = Release|Any CPU
		{0D71D2C6-7C3E-405E-B724-7751AC738A3A}.Release_pre-ef6_net40|Any CPU.ActiveCfg = Release|Any CPU
		{0D71D2C6-7C3E-405E-B724-7751AC738A3A}.Release_pre-ef6_net40|Any CPU.Build.0 = Release|Any CPU
		{0D71D2C6-7C3E-405E-B724-7751AC738A3A}.Release_pre-ef6_net45|Any CPU.ActiveCfg = Release|Any CPU
		{0D71D2C6-7C3E-405E-B724-7751AC738A3A}.Release_pre-ef6_net45|Any CPU.Build.0 = Release|Any CPU
		{0D71D2C6-7C3E-405E-B724-7751AC738A3A}.Release|Any CPU.ActiveCfg = Release|Any CPU
		{0D71D2C6-7C3E-405E-B724-7751AC738A3A}.Release|Any CPU.Build.0 = Release|Any CPU
		{5DC54C26-B99F-497D-9A80-97E42DDF9847}.Debug_ef6_net40|Any CPU.ActiveCfg = Debug|Any CPU
		{5DC54C26-B99F-497D-9A80-97E42DDF9847}.Debug_ef6_net40|Any CPU.Build.0 = Debug|Any CPU
		{5DC54C26-B99F-497D-9A80-97E42DDF9847}.Debug_ef6_net45|Any CPU.ActiveCfg = Debug|Any CPU
		{5DC54C26-B99F-497D-9A80-97E42DDF9847}.Debug_ef6_net45|Any CPU.Build.0 = Debug|Any CPU
		{5DC54C26-B99F-497D-9A80-97E42DDF9847}.Debug_pre-ef6_net40|Any CPU.ActiveCfg = Debug|Any CPU
		{5DC54C26-B99F-497D-9A80-97E42DDF9847}.Debug_pre-ef6_net40|Any CPU.Build.0 = Debug|Any CPU
		{5DC54C26-B99F-497D-9A80-97E42DDF9847}.Debug_pre-ef6_net45|Any CPU.ActiveCfg = Debug|Any CPU
		{5DC54C26-B99F-497D-9A80-97E42DDF9847}.Debug_pre-ef6_net45|Any CPU.Build.0 = Debug|Any CPU
		{5DC54C26-B99F-497D-9A80-97E42DDF9847}.Debug|Any CPU.ActiveCfg = Debug|Any CPU
		{5DC54C26-B99F-497D-9A80-97E42DDF9847}.Debug|Any CPU.Build.0 = Debug|Any CPU
		{5DC54C26-B99F-497D-9A80-97E42DDF9847}.Release_ef6_net40|Any CPU.ActiveCfg = Release|Any CPU
		{5DC54C26-B99F-497D-9A80-97E42DDF9847}.Release_ef6_net40|Any CPU.Build.0 = Release|Any CPU
		{5DC54C26-B99F-497D-9A80-97E42DDF9847}.Release_ef6_net45|Any CPU.ActiveCfg = Release|Any CPU
		{5DC54C26-B99F-497D-9A80-97E42DDF9847}.Release_ef6_net45|Any CPU.Build.0 = Release|Any CPU
		{5DC54C26-B99F-497D-9A80-97E42DDF9847}.Release_pre-ef6_net40|Any CPU.ActiveCfg = Release|Any CPU
		{5DC54C26-B99F-497D-9A80-97E42DDF9847}.Release_pre-ef6_net40|Any CPU.Build.0 = Release|Any CPU
		{5DC54C26-B99F-497D-9A80-97E42DDF9847}.Release_pre-ef6_net45|Any CPU.ActiveCfg = Release|Any CPU
		{5DC54C26-B99F-497D-9A80-97E42DDF9847}.Release_pre-ef6_net45|Any CPU.Build.0 = Release|Any CPU
		{5DC54C26-B99F-497D-9A80-97E42DDF9847}.Release|Any CPU.ActiveCfg = Release|Any CPU
		{5DC54C26-B99F-497D-9A80-97E42DDF9847}.Release|Any CPU.Build.0 = Release|Any CPU
		{7F682122-0E9A-4181-8103-25E268FA6FF2}.Debug_ef6_net40|Any CPU.ActiveCfg = Debug|Any CPU
		{7F682122-0E9A-4181-8103-25E268FA6FF2}.Debug_ef6_net40|Any CPU.Build.0 = Debug|Any CPU
		{7F682122-0E9A-4181-8103-25E268FA6FF2}.Debug_ef6_net45|Any CPU.ActiveCfg = Debug|Any CPU
		{7F682122-0E9A-4181-8103-25E268FA6FF2}.Debug_ef6_net45|Any CPU.Build.0 = Debug|Any CPU
		{7F682122-0E9A-4181-8103-25E268FA6FF2}.Debug_pre-ef6_net40|Any CPU.ActiveCfg = Debug|Any CPU
		{7F682122-0E9A-4181-8103-25E268FA6FF2}.Debug_pre-ef6_net40|Any CPU.Build.0 = Debug|Any CPU
		{7F682122-0E9A-4181-8103-25E268FA6FF2}.Debug_pre-ef6_net45|Any CPU.ActiveCfg = Debug|Any CPU
		{7F682122-0E9A-4181-8103-25E268FA6FF2}.Debug_pre-ef6_net45|Any CPU.Build.0 = Debug|Any CPU
		{7F682122-0E9A-4181-8103-25E268FA6FF2}.Debug|Any CPU.ActiveCfg = Debug|Any CPU
		{7F682122-0E9A-4181-8103-25E268FA6FF2}.Debug|Any CPU.Build.0 = Debug|Any CPU
		{7F682122-0E9A-4181-8103-25E268FA6FF2}.Release_ef6_net40|Any CPU.ActiveCfg = Release|Any CPU
		{7F682122-0E9A-4181-8103-25E268FA6FF2}.Release_ef6_net40|Any CPU.Build.0 = Release|Any CPU
		{7F682122-0E9A-4181-8103-25E268FA6FF2}.Release_ef6_net45|Any CPU.ActiveCfg = Release|Any CPU
		{7F682122-0E9A-4181-8103-25E268FA6FF2}.Release_ef6_net45|Any CPU.Build.0 = Release|Any CPU
		{7F682122-0E9A-4181-8103-25E268FA6FF2}.Release_pre-ef6_net40|Any CPU.ActiveCfg = Release|Any CPU
		{7F682122-0E9A-4181-8103-25E268FA6FF2}.Release_pre-ef6_net40|Any CPU.Build.0 = Release|Any CPU
		{7F682122-0E9A-4181-8103-25E268FA6FF2}.Release_pre-ef6_net45|Any CPU.ActiveCfg = Release|Any CPU
		{7F682122-0E9A-4181-8103-25E268FA6FF2}.Release_pre-ef6_net45|Any CPU.Build.0 = Release|Any CPU
		{7F682122-0E9A-4181-8103-25E268FA6FF2}.Release|Any CPU.ActiveCfg = Release|Any CPU
		{7F682122-0E9A-4181-8103-25E268FA6FF2}.Release|Any CPU.Build.0 = Release|Any CPU
		{DC38D433-3B8D-4672-87A4-E37A1F699FE8}.Debug_ef6_net40|Any CPU.ActiveCfg = Debug|Any CPU
		{DC38D433-3B8D-4672-87A4-E37A1F699FE8}.Debug_ef6_net40|Any CPU.Build.0 = Debug|Any CPU
		{DC38D433-3B8D-4672-87A4-E37A1F699FE8}.Debug_ef6_net45|Any CPU.ActiveCfg = Debug|Any CPU
		{DC38D433-3B8D-4672-87A4-E37A1F699FE8}.Debug_ef6_net45|Any CPU.Build.0 = Debug|Any CPU
		{DC38D433-3B8D-4672-87A4-E37A1F699FE8}.Debug_pre-ef6_net40|Any CPU.ActiveCfg = Debug|Any CPU
		{DC38D433-3B8D-4672-87A4-E37A1F699FE8}.Debug_pre-ef6_net40|Any CPU.Build.0 = Debug|Any CPU
		{DC38D433-3B8D-4672-87A4-E37A1F699FE8}.Debug_pre-ef6_net45|Any CPU.ActiveCfg = Debug|Any CPU
		{DC38D433-3B8D-4672-87A4-E37A1F699FE8}.Debug_pre-ef6_net45|Any CPU.Build.0 = Debug|Any CPU
		{DC38D433-3B8D-4672-87A4-E37A1F699FE8}.Debug|Any CPU.ActiveCfg = Debug|Any CPU
		{DC38D433-3B8D-4672-87A4-E37A1F699FE8}.Debug|Any CPU.Build.0 = Debug|Any CPU
		{DC38D433-3B8D-4672-87A4-E37A1F699FE8}.Release_ef6_net40|Any CPU.ActiveCfg = Release|Any CPU
		{DC38D433-3B8D-4672-87A4-E37A1F699FE8}.Release_ef6_net40|Any CPU.Build.0 = Release|Any CPU
		{DC38D433-3B8D-4672-87A4-E37A1F699FE8}.Release_ef6_net45|Any CPU.ActiveCfg = Release|Any CPU
		{DC38D433-3B8D-4672-87A4-E37A1F699FE8}.Release_ef6_net45|Any CPU.Build.0 = Release|Any CPU
		{DC38D433-3B8D-4672-87A4-E37A1F699FE8}.Release_pre-ef6_net40|Any CPU.ActiveCfg = Release|Any CPU
		{DC38D433-3B8D-4672-87A4-E37A1F699FE8}.Release_pre-ef6_net40|Any CPU.Build.0 = Release|Any CPU
		{DC38D433-3B8D-4672-87A4-E37A1F699FE8}.Release_pre-ef6_net45|Any CPU.ActiveCfg = Release|Any CPU
		{DC38D433-3B8D-4672-87A4-E37A1F699FE8}.Release_pre-ef6_net45|Any CPU.Build.0 = Release|Any CPU
		{DC38D433-3B8D-4672-87A4-E37A1F699FE8}.Release|Any CPU.ActiveCfg = Release|Any CPU
		{DC38D433-3B8D-4672-87A4-E37A1F699FE8}.Release|Any CPU.Build.0 = Release|Any CPU
		{1411283A-E8E5-4BBC-8202-1A95150BE6C6}.Debug_ef6_net40|Any CPU.ActiveCfg = Debug|Any CPU
		{1411283A-E8E5-4BBC-8202-1A95150BE6C6}.Debug_ef6_net40|Any CPU.Build.0 = Debug|Any CPU
		{1411283A-E8E5-4BBC-8202-1A95150BE6C6}.Debug_ef6_net45|Any CPU.ActiveCfg = Debug|Any CPU
		{1411283A-E8E5-4BBC-8202-1A95150BE6C6}.Debug_ef6_net45|Any CPU.Build.0 = Debug|Any CPU
		{1411283A-E8E5-4BBC-8202-1A95150BE6C6}.Debug_pre-ef6_net40|Any CPU.ActiveCfg = Debug|Any CPU
		{1411283A-E8E5-4BBC-8202-1A95150BE6C6}.Debug_pre-ef6_net40|Any CPU.Build.0 = Debug|Any CPU
		{1411283A-E8E5-4BBC-8202-1A95150BE6C6}.Debug_pre-ef6_net45|Any CPU.ActiveCfg = Debug|Any CPU
		{1411283A-E8E5-4BBC-8202-1A95150BE6C6}.Debug_pre-ef6_net45|Any CPU.Build.0 = Debug|Any CPU
		{1411283A-E8E5-4BBC-8202-1A95150BE6C6}.Debug|Any CPU.ActiveCfg = Debug|Any CPU
		{1411283A-E8E5-4BBC-8202-1A95150BE6C6}.Debug|Any CPU.Build.0 = Debug|Any CPU
		{1411283A-E8E5-4BBC-8202-1A95150BE6C6}.Release_ef6_net40|Any CPU.ActiveCfg = Release|Any CPU
		{1411283A-E8E5-4BBC-8202-1A95150BE6C6}.Release_ef6_net40|Any CPU.Build.0 = Release|Any CPU
		{1411283A-E8E5-4BBC-8202-1A95150BE6C6}.Release_ef6_net45|Any CPU.ActiveCfg = Release|Any CPU
		{1411283A-E8E5-4BBC-8202-1A95150BE6C6}.Release_ef6_net45|Any CPU.Build.0 = Release|Any CPU
		{1411283A-E8E5-4BBC-8202-1A95150BE6C6}.Release_pre-ef6_net40|Any CPU.ActiveCfg = Release|Any CPU
		{1411283A-E8E5-4BBC-8202-1A95150BE6C6}.Release_pre-ef6_net40|Any CPU.Build.0 = Release|Any CPU
		{1411283A-E8E5-4BBC-8202-1A95150BE6C6}.Release_pre-ef6_net45|Any CPU.ActiveCfg = Release|Any CPU
		{1411283A-E8E5-4BBC-8202-1A95150BE6C6}.Release_pre-ef6_net45|Any CPU.Build.0 = Release|Any CPU
		{1411283A-E8E5-4BBC-8202-1A95150BE6C6}.Release|Any CPU.ActiveCfg = Release|Any CPU
		{1411283A-E8E5-4BBC-8202-1A95150BE6C6}.Release|Any CPU.Build.0 = Release|Any CPU
		{A372288F-D715-4150-A236-1F29B77007EA}.Debug_ef6_net40|Any CPU.ActiveCfg = Debug|Any CPU
		{A372288F-D715-4150-A236-1F29B77007EA}.Debug_ef6_net40|Any CPU.Build.0 = Debug|Any CPU
		{A372288F-D715-4150-A236-1F29B77007EA}.Debug_ef6_net45|Any CPU.ActiveCfg = Debug|Any CPU
		{A372288F-D715-4150-A236-1F29B77007EA}.Debug_ef6_net45|Any CPU.Build.0 = Debug|Any CPU
		{A372288F-D715-4150-A236-1F29B77007EA}.Debug_pre-ef6_net40|Any CPU.ActiveCfg = Debug|Any CPU
		{A372288F-D715-4150-A236-1F29B77007EA}.Debug_pre-ef6_net40|Any CPU.Build.0 = Debug|Any CPU
		{A372288F-D715-4150-A236-1F29B77007EA}.Debug_pre-ef6_net45|Any CPU.ActiveCfg = Debug|Any CPU
		{A372288F-D715-4150-A236-1F29B77007EA}.Debug_pre-ef6_net45|Any CPU.Build.0 = Debug|Any CPU
		{A372288F-D715-4150-A236-1F29B77007EA}.Debug|Any CPU.ActiveCfg = Debug|Any CPU
		{A372288F-D715-4150-A236-1F29B77007EA}.Debug|Any CPU.Build.0 = Debug|Any CPU
		{A372288F-D715-4150-A236-1F29B77007EA}.Release_ef6_net40|Any CPU.ActiveCfg = Release|Any CPU
		{A372288F-D715-4150-A236-1F29B77007EA}.Release_ef6_net40|Any CPU.Build.0 = Release|Any CPU
		{A372288F-D715-4150-A236-1F29B77007EA}.Release_ef6_net45|Any CPU.ActiveCfg = Release|Any CPU
		{A372288F-D715-4150-A236-1F29B77007EA}.Release_ef6_net45|Any CPU.Build.0 = Release|Any CPU
		{A372288F-D715-4150-A236-1F29B77007EA}.Release_pre-ef6_net40|Any CPU.ActiveCfg = Release|Any CPU
		{A372288F-D715-4150-A236-1F29B77007EA}.Release_pre-ef6_net40|Any CPU.Build.0 = Release|Any CPU
		{A372288F-D715-4150-A236-1F29B77007EA}.Release_pre-ef6_net45|Any CPU.ActiveCfg = Release|Any CPU
		{A372288F-D715-4150-A236-1F29B77007EA}.Release_pre-ef6_net45|Any CPU.Build.0 = Release|Any CPU
		{A372288F-D715-4150-A236-1F29B77007EA}.Release|Any CPU.ActiveCfg = Release|Any CPU
		{A372288F-D715-4150-A236-1F29B77007EA}.Release|Any CPU.Build.0 = Release|Any CPU
		{860A9542-5EED-439B-84FC-E3493CC4E320}.Debug_ef6_net40|Any CPU.ActiveCfg = Debug|Any CPU
		{860A9542-5EED-439B-84FC-E3493CC4E320}.Debug_ef6_net40|Any CPU.Build.0 = Debug|Any CPU
		{860A9542-5EED-439B-84FC-E3493CC4E320}.Debug_ef6_net45|Any CPU.ActiveCfg = Debug|Any CPU
		{860A9542-5EED-439B-84FC-E3493CC4E320}.Debug_ef6_net45|Any CPU.Build.0 = Debug|Any CPU
		{860A9542-5EED-439B-84FC-E3493CC4E320}.Debug_pre-ef6_net40|Any CPU.ActiveCfg = Debug|Any CPU
		{860A9542-5EED-439B-84FC-E3493CC4E320}.Debug_pre-ef6_net40|Any CPU.Build.0 = Debug|Any CPU
		{860A9542-5EED-439B-84FC-E3493CC4E320}.Debug_pre-ef6_net45|Any CPU.ActiveCfg = Debug|Any CPU
		{860A9542-5EED-439B-84FC-E3493CC4E320}.Debug_pre-ef6_net45|Any CPU.Build.0 = Debug|Any CPU
		{860A9542-5EED-439B-84FC-E3493CC4E320}.Debug|Any CPU.ActiveCfg = Debug|Any CPU
		{860A9542-5EED-439B-84FC-E3493CC4E320}.Debug|Any CPU.Build.0 = Debug|Any CPU
		{860A9542-5EED-439B-84FC-E3493CC4E320}.Release_ef6_net40|Any CPU.ActiveCfg = Release|Any CPU
		{860A9542-5EED-439B-84FC-E3493CC4E320}.Release_ef6_net40|Any CPU.Build.0 = Release|Any CPU
		{860A9542-5EED-439B-84FC-E3493CC4E320}.Release_ef6_net45|Any CPU.ActiveCfg = Release|Any CPU
		{860A9542-5EED-439B-84FC-E3493CC4E320}.Release_ef6_net45|Any CPU.Build.0 = Release|Any CPU
		{860A9542-5EED-439B-84FC-E3493CC4E320}.Release_pre-ef6_net40|Any CPU.ActiveCfg = Release|Any CPU
		{860A9542-5EED-439B-84FC-E3493CC4E320}.Release_pre-ef6_net40|Any CPU.Build.0 = Release|Any CPU
		{860A9542-5EED-439B-84FC-E3493CC4E320}.Release_pre-ef6_net45|Any CPU.ActiveCfg = Release|Any CPU
		{860A9542-5EED-439B-84FC-E3493CC4E320}.Release_pre-ef6_net45|Any CPU.Build.0 = Release|Any CPU
		{860A9542-5EED-439B-84FC-E3493CC4E320}.Release|Any CPU.ActiveCfg = Release|Any CPU
		{860A9542-5EED-439B-84FC-E3493CC4E320}.Release|Any CPU.Build.0 = Release|Any CPU
		{377AAA24-DF56-47A4-BEA0-89E73781F6BC}.Debug_ef6_net40|Any CPU.ActiveCfg = Debug|Any CPU
		{377AAA24-DF56-47A4-BEA0-89E73781F6BC}.Debug_ef6_net40|Any CPU.Build.0 = Debug|Any CPU
		{377AAA24-DF56-47A4-BEA0-89E73781F6BC}.Debug_ef6_net45|Any CPU.ActiveCfg = Debug|Any CPU
		{377AAA24-DF56-47A4-BEA0-89E73781F6BC}.Debug_ef6_net45|Any CPU.Build.0 = Debug|Any CPU
		{377AAA24-DF56-47A4-BEA0-89E73781F6BC}.Debug_pre-ef6_net40|Any CPU.ActiveCfg = Debug|Any CPU
		{377AAA24-DF56-47A4-BEA0-89E73781F6BC}.Debug_pre-ef6_net40|Any CPU.Build.0 = Debug|Any CPU
		{377AAA24-DF56-47A4-BEA0-89E73781F6BC}.Debug_pre-ef6_net45|Any CPU.ActiveCfg = Debug|Any CPU
		{377AAA24-DF56-47A4-BEA0-89E73781F6BC}.Debug_pre-ef6_net45|Any CPU.Build.0 = Debug|Any CPU
		{377AAA24-DF56-47A4-BEA0-89E73781F6BC}.Debug|Any CPU.ActiveCfg = Debug|Any CPU
		{377AAA24-DF56-47A4-BEA0-89E73781F6BC}.Debug|Any CPU.Build.0 = Debug|Any CPU
		{377AAA24-DF56-47A4-BEA0-89E73781F6BC}.Release_ef6_net40|Any CPU.ActiveCfg = Release|Any CPU
		{377AAA24-DF56-47A4-BEA0-89E73781F6BC}.Release_ef6_net40|Any CPU.Build.0 = Release|Any CPU
		{377AAA24-DF56-47A4-BEA0-89E73781F6BC}.Release_ef6_net45|Any CPU.ActiveCfg = Release|Any CPU
		{377AAA24-DF56-47A4-BEA0-89E73781F6BC}.Release_ef6_net45|Any CPU.Build.0 = Release|Any CPU
		{377AAA24-DF56-47A4-BEA0-89E73781F6BC}.Release_pre-ef6_net40|Any CPU.ActiveCfg = Release|Any CPU
		{377AAA24-DF56-47A4-BEA0-89E73781F6BC}.Release_pre-ef6_net40|Any CPU.Build.0 = Release|Any CPU
		{377AAA24-DF56-47A4-BEA0-89E73781F6BC}.Release_pre-ef6_net45|Any CPU.ActiveCfg = Release|Any CPU
		{377AAA24-DF56-47A4-BEA0-89E73781F6BC}.Release_pre-ef6_net45|Any CPU.Build.0 = Release|Any CPU
		{377AAA24-DF56-47A4-BEA0-89E73781F6BC}.Release|Any CPU.ActiveCfg = Release|Any CPU
		{377AAA24-DF56-47A4-BEA0-89E73781F6BC}.Release|Any CPU.Build.0 = Release|Any CPU
		{D4B3B1FD-F7EA-4C49-AF16-292465F388F3}.Debug_ef6_net40|Any CPU.ActiveCfg = Debug|Any CPU
		{D4B3B1FD-F7EA-4C49-AF16-292465F388F3}.Debug_ef6_net40|Any CPU.Build.0 = Debug|Any CPU
		{D4B3B1FD-F7EA-4C49-AF16-292465F388F3}.Debug_ef6_net45|Any CPU.ActiveCfg = Debug|Any CPU
		{D4B3B1FD-F7EA-4C49-AF16-292465F388F3}.Debug_ef6_net45|Any CPU.Build.0 = Debug|Any CPU
		{D4B3B1FD-F7EA-4C49-AF16-292465F388F3}.Debug_pre-ef6_net40|Any CPU.ActiveCfg = Debug|Any CPU
		{D4B3B1FD-F7EA-4C49-AF16-292465F388F3}.Debug_pre-ef6_net40|Any CPU.Build.0 = Debug|Any CPU
		{D4B3B1FD-F7EA-4C49-AF16-292465F388F3}.Debug_pre-ef6_net45|Any CPU.ActiveCfg = Debug|Any CPU
		{D4B3B1FD-F7EA-4C49-AF16-292465F388F3}.Debug_pre-ef6_net45|Any CPU.Build.0 = Debug|Any CPU
		{D4B3B1FD-F7EA-4C49-AF16-292465F388F3}.Debug|Any CPU.ActiveCfg = Debug|Any CPU
		{D4B3B1FD-F7EA-4C49-AF16-292465F388F3}.Debug|Any CPU.Build.0 = Debug|Any CPU
		{D4B3B1FD-F7EA-4C49-AF16-292465F388F3}.Release_ef6_net40|Any CPU.ActiveCfg = Release|Any CPU
		{D4B3B1FD-F7EA-4C49-AF16-292465F388F3}.Release_ef6_net40|Any CPU.Build.0 = Release|Any CPU
		{D4B3B1FD-F7EA-4C49-AF16-292465F388F3}.Release_ef6_net45|Any CPU.ActiveCfg = Release|Any CPU
		{D4B3B1FD-F7EA-4C49-AF16-292465F388F3}.Release_ef6_net45|Any CPU.Build.0 = Release|Any CPU
		{D4B3B1FD-F7EA-4C49-AF16-292465F388F3}.Release_pre-ef6_net40|Any CPU.ActiveCfg = Release|Any CPU
		{D4B3B1FD-F7EA-4C49-AF16-292465F388F3}.Release_pre-ef6_net40|Any CPU.Build.0 = Release|Any CPU
		{D4B3B1FD-F7EA-4C49-AF16-292465F388F3}.Release_pre-ef6_net45|Any CPU.ActiveCfg = Release|Any CPU
		{D4B3B1FD-F7EA-4C49-AF16-292465F388F3}.Release_pre-ef6_net45|Any CPU.Build.0 = Release|Any CPU
		{D4B3B1FD-F7EA-4C49-AF16-292465F388F3}.Release|Any CPU.ActiveCfg = Release|Any CPU
		{D4B3B1FD-F7EA-4C49-AF16-292465F388F3}.Release|Any CPU.Build.0 = Release|Any CPU
		{15812047-F683-4354-AB20-89B53C88259F}.Debug_ef6_net40|Any CPU.ActiveCfg = Debug|Any CPU
		{15812047-F683-4354-AB20-89B53C88259F}.Debug_ef6_net40|Any CPU.Build.0 = Debug|Any CPU
		{15812047-F683-4354-AB20-89B53C88259F}.Debug_ef6_net45|Any CPU.ActiveCfg = Debug|Any CPU
		{15812047-F683-4354-AB20-89B53C88259F}.Debug_ef6_net45|Any CPU.Build.0 = Debug|Any CPU
		{15812047-F683-4354-AB20-89B53C88259F}.Debug_pre-ef6_net40|Any CPU.ActiveCfg = Debug|Any CPU
		{15812047-F683-4354-AB20-89B53C88259F}.Debug_pre-ef6_net40|Any CPU.Build.0 = Debug|Any CPU
		{15812047-F683-4354-AB20-89B53C88259F}.Debug_pre-ef6_net45|Any CPU.ActiveCfg = Debug|Any CPU
		{15812047-F683-4354-AB20-89B53C88259F}.Debug_pre-ef6_net45|Any CPU.Build.0 = Debug|Any CPU
		{15812047-F683-4354-AB20-89B53C88259F}.Debug|Any CPU.ActiveCfg = Debug|Any CPU
		{15812047-F683-4354-AB20-89B53C88259F}.Debug|Any CPU.Build.0 = Debug|Any CPU
		{15812047-F683-4354-AB20-89B53C88259F}.Release_ef6_net40|Any CPU.ActiveCfg = Release|Any CPU
		{15812047-F683-4354-AB20-89B53C88259F}.Release_ef6_net40|Any CPU.Build.0 = Release|Any CPU
		{15812047-F683-4354-AB20-89B53C88259F}.Release_ef6_net45|Any CPU.ActiveCfg = Release|Any CPU
		{15812047-F683-4354-AB20-89B53C88259F}.Release_ef6_net45|Any CPU.Build.0 = Release|Any CPU
		{15812047-F683-4354-AB20-89B53C88259F}.Release_pre-ef6_net40|Any CPU.ActiveCfg = Release|Any CPU
		{15812047-F683-4354-AB20-89B53C88259F}.Release_pre-ef6_net40|Any CPU.Build.0 = Release|Any CPU
		{15812047-F683-4354-AB20-89B53C88259F}.Release_pre-ef6_net45|Any CPU.ActiveCfg = Release|Any CPU
		{15812047-F683-4354-AB20-89B53C88259F}.Release_pre-ef6_net45|Any CPU.Build.0 = Release|Any CPU
		{15812047-F683-4354-AB20-89B53C88259F}.Release|Any CPU.ActiveCfg = Release|Any CPU
		{15812047-F683-4354-AB20-89B53C88259F}.Release|Any CPU.Build.0 = Release|Any CPU
		{36CDD704-B748-4224-A9DC-3BA11AD5EA07}.Debug_ef6_net40|Any CPU.ActiveCfg = Debug|Any CPU
		{36CDD704-B748-4224-A9DC-3BA11AD5EA07}.Debug_ef6_net40|Any CPU.Build.0 = Debug|Any CPU
		{36CDD704-B748-4224-A9DC-3BA11AD5EA07}.Debug_ef6_net45|Any CPU.ActiveCfg = Debug|Any CPU
		{36CDD704-B748-4224-A9DC-3BA11AD5EA07}.Debug_ef6_net45|Any CPU.Build.0 = Debug|Any CPU
		{36CDD704-B748-4224-A9DC-3BA11AD5EA07}.Debug_pre-ef6_net40|Any CPU.ActiveCfg = Debug|Any CPU
		{36CDD704-B748-4224-A9DC-3BA11AD5EA07}.Debug_pre-ef6_net40|Any CPU.Build.0 = Debug|Any CPU
		{36CDD704-B748-4224-A9DC-3BA11AD5EA07}.Debug_pre-ef6_net45|Any CPU.ActiveCfg = Debug|Any CPU
		{36CDD704-B748-4224-A9DC-3BA11AD5EA07}.Debug_pre-ef6_net45|Any CPU.Build.0 = Debug|Any CPU
		{36CDD704-B748-4224-A9DC-3BA11AD5EA07}.Debug|Any CPU.ActiveCfg = Debug|Any CPU
		{36CDD704-B748-4224-A9DC-3BA11AD5EA07}.Debug|Any CPU.Build.0 = Debug|Any CPU
		{36CDD704-B748-4224-A9DC-3BA11AD5EA07}.Release_ef6_net40|Any CPU.ActiveCfg = Release|Any CPU
		{36CDD704-B748-4224-A9DC-3BA11AD5EA07}.Release_ef6_net40|Any CPU.Build.0 = Release|Any CPU
		{36CDD704-B748-4224-A9DC-3BA11AD5EA07}.Release_ef6_net45|Any CPU.ActiveCfg = Release|Any CPU
		{36CDD704-B748-4224-A9DC-3BA11AD5EA07}.Release_ef6_net45|Any CPU.Build.0 = Release|Any CPU
		{36CDD704-B748-4224-A9DC-3BA11AD5EA07}.Release_pre-ef6_net40|Any CPU.ActiveCfg = Release|Any CPU
		{36CDD704-B748-4224-A9DC-3BA11AD5EA07}.Release_pre-ef6_net40|Any CPU.Build.0 = Release|Any CPU
		{36CDD704-B748-4224-A9DC-3BA11AD5EA07}.Release_pre-ef6_net45|Any CPU.ActiveCfg = Release|Any CPU
		{36CDD704-B748-4224-A9DC-3BA11AD5EA07}.Release_pre-ef6_net45|Any CPU.Build.0 = Release|Any CPU
		{36CDD704-B748-4224-A9DC-3BA11AD5EA07}.Release|Any CPU.ActiveCfg = Release|Any CPU
		{36CDD704-B748-4224-A9DC-3BA11AD5EA07}.Release|Any CPU.Build.0 = Release|Any CPU
		{E482F0DF-10A7-4307-A5AD-EB7700786FFA}.Debug_ef6_net40|Any CPU.ActiveCfg = Debug|Any CPU
		{E482F0DF-10A7-4307-A5AD-EB7700786FFA}.Debug_ef6_net40|Any CPU.Build.0 = Debug|Any CPU
		{E482F0DF-10A7-4307-A5AD-EB7700786FFA}.Debug_ef6_net45|Any CPU.ActiveCfg = Debug|Any CPU
		{E482F0DF-10A7-4307-A5AD-EB7700786FFA}.Debug_ef6_net45|Any CPU.Build.0 = Debug|Any CPU
		{E482F0DF-10A7-4307-A5AD-EB7700786FFA}.Debug_pre-ef6_net40|Any CPU.ActiveCfg = Debug|Any CPU
		{E482F0DF-10A7-4307-A5AD-EB7700786FFA}.Debug_pre-ef6_net40|Any CPU.Build.0 = Debug|Any CPU
		{E482F0DF-10A7-4307-A5AD-EB7700786FFA}.Debug_pre-ef6_net45|Any CPU.ActiveCfg = Debug|Any CPU
		{E482F0DF-10A7-4307-A5AD-EB7700786FFA}.Debug_pre-ef6_net45|Any CPU.Build.0 = Debug|Any CPU
		{E482F0DF-10A7-4307-A5AD-EB7700786FFA}.Debug|Any CPU.ActiveCfg = Debug|Any CPU
		{E482F0DF-10A7-4307-A5AD-EB7700786FFA}.Debug|Any CPU.Build.0 = Debug|Any CPU
		{E482F0DF-10A7-4307-A5AD-EB7700786FFA}.Release_ef6_net40|Any CPU.ActiveCfg = Release|Any CPU
		{E482F0DF-10A7-4307-A5AD-EB7700786FFA}.Release_ef6_net40|Any CPU.Build.0 = Release|Any CPU
		{E482F0DF-10A7-4307-A5AD-EB7700786FFA}.Release_ef6_net45|Any CPU.ActiveCfg = Release|Any CPU
		{E482F0DF-10A7-4307-A5AD-EB7700786FFA}.Release_ef6_net45|Any CPU.Build.0 = Release|Any CPU
		{E482F0DF-10A7-4307-A5AD-EB7700786FFA}.Release_pre-ef6_net40|Any CPU.ActiveCfg = Release|Any CPU
		{E482F0DF-10A7-4307-A5AD-EB7700786FFA}.Release_pre-ef6_net40|Any CPU.Build.0 = Release|Any CPU
		{E482F0DF-10A7-4307-A5AD-EB7700786FFA}.Release_pre-ef6_net45|Any CPU.ActiveCfg = Release|Any CPU
		{E482F0DF-10A7-4307-A5AD-EB7700786FFA}.Release_pre-ef6_net45|Any CPU.Build.0 = Release|Any CPU
		{E482F0DF-10A7-4307-A5AD-EB7700786FFA}.Release|Any CPU.ActiveCfg = Release|Any CPU
		{E482F0DF-10A7-4307-A5AD-EB7700786FFA}.Release|Any CPU.Build.0 = Release|Any CPU
		{5A0B3D64-3536-420E-8686-E6BB8F1FAE41}.Debug_ef6_net40|Any CPU.ActiveCfg = Debug|Any CPU
		{5A0B3D64-3536-420E-8686-E6BB8F1FAE41}.Debug_ef6_net40|Any CPU.Build.0 = Debug|Any CPU
		{5A0B3D64-3536-420E-8686-E6BB8F1FAE41}.Debug_ef6_net45|Any CPU.ActiveCfg = Debug|Any CPU
		{5A0B3D64-3536-420E-8686-E6BB8F1FAE41}.Debug_ef6_net45|Any CPU.Build.0 = Debug|Any CPU
		{5A0B3D64-3536-420E-8686-E6BB8F1FAE41}.Debug_pre-ef6_net40|Any CPU.ActiveCfg = Debug|Any CPU
		{5A0B3D64-3536-420E-8686-E6BB8F1FAE41}.Debug_pre-ef6_net40|Any CPU.Build.0 = Debug|Any CPU
		{5A0B3D64-3536-420E-8686-E6BB8F1FAE41}.Debug_pre-ef6_net45|Any CPU.ActiveCfg = Debug|Any CPU
		{5A0B3D64-3536-420E-8686-E6BB8F1FAE41}.Debug_pre-ef6_net45|Any CPU.Build.0 = Debug|Any CPU
		{5A0B3D64-3536-420E-8686-E6BB8F1FAE41}.Debug|Any CPU.ActiveCfg = Debug|Any CPU
		{5A0B3D64-3536-420E-8686-E6BB8F1FAE41}.Debug|Any CPU.Build.0 = Debug|Any CPU
		{5A0B3D64-3536-420E-8686-E6BB8F1FAE41}.Release_ef6_net40|Any CPU.ActiveCfg = Release|Any CPU
		{5A0B3D64-3536-420E-8686-E6BB8F1FAE41}.Release_ef6_net40|Any CPU.Build.0 = Release|Any CPU
		{5A0B3D64-3536-420E-8686-E6BB8F1FAE41}.Release_ef6_net45|Any CPU.ActiveCfg = Release|Any CPU
		{5A0B3D64-3536-420E-8686-E6BB8F1FAE41}.Release_ef6_net45|Any CPU.Build.0 = Release|Any CPU
		{5A0B3D64-3536-420E-8686-E6BB8F1FAE41}.Release_pre-ef6_net40|Any CPU.ActiveCfg = Release|Any CPU
		{5A0B3D64-3536-420E-8686-E6BB8F1FAE41}.Release_pre-ef6_net40|Any CPU.Build.0 = Release|Any CPU
		{5A0B3D64-3536-420E-8686-E6BB8F1FAE41}.Release_pre-ef6_net45|Any CPU.ActiveCfg = Release|Any CPU
		{5A0B3D64-3536-420E-8686-E6BB8F1FAE41}.Release_pre-ef6_net45|Any CPU.Build.0 = Release|Any CPU
		{5A0B3D64-3536-420E-8686-E6BB8F1FAE41}.Release|Any CPU.ActiveCfg = Release|Any CPU
		{5A0B3D64-3536-420E-8686-E6BB8F1FAE41}.Release|Any CPU.Build.0 = Release|Any CPU
		{7AA198BE-CF2C-4344-B31F-B1132AA3C8E8}.Debug_ef6_net40|Any CPU.ActiveCfg = Debug|Any CPU
		{7AA198BE-CF2C-4344-B31F-B1132AA3C8E8}.Debug_ef6_net40|Any CPU.Build.0 = Debug|Any CPU
		{7AA198BE-CF2C-4344-B31F-B1132AA3C8E8}.Debug_ef6_net45|Any CPU.ActiveCfg = Debug|Any CPU
		{7AA198BE-CF2C-4344-B31F-B1132AA3C8E8}.Debug_ef6_net45|Any CPU.Build.0 = Debug|Any CPU
		{7AA198BE-CF2C-4344-B31F-B1132AA3C8E8}.Debug_pre-ef6_net40|Any CPU.ActiveCfg = Debug|Any CPU
		{7AA198BE-CF2C-4344-B31F-B1132AA3C8E8}.Debug_pre-ef6_net40|Any CPU.Build.0 = Debug|Any CPU
		{7AA198BE-CF2C-4344-B31F-B1132AA3C8E8}.Debug_pre-ef6_net45|Any CPU.ActiveCfg = Debug|Any CPU
		{7AA198BE-CF2C-4344-B31F-B1132AA3C8E8}.Debug_pre-ef6_net45|Any CPU.Build.0 = Debug|Any CPU
		{7AA198BE-CF2C-4344-B31F-B1132AA3C8E8}.Debug|Any CPU.ActiveCfg = Debug|Any CPU
		{7AA198BE-CF2C-4344-B31F-B1132AA3C8E8}.Debug|Any CPU.Build.0 = Debug|Any CPU
		{7AA198BE-CF2C-4344-B31F-B1132AA3C8E8}.Release_ef6_net40|Any CPU.ActiveCfg = Release|Any CPU
		{7AA198BE-CF2C-4344-B31F-B1132AA3C8E8}.Release_ef6_net40|Any CPU.Build.0 = Release|Any CPU
		{7AA198BE-CF2C-4344-B31F-B1132AA3C8E8}.Release_ef6_net45|Any CPU.ActiveCfg = Release|Any CPU
		{7AA198BE-CF2C-4344-B31F-B1132AA3C8E8}.Release_ef6_net45|Any CPU.Build.0 = Release|Any CPU
		{7AA198BE-CF2C-4344-B31F-B1132AA3C8E8}.Release_pre-ef6_net40|Any CPU.ActiveCfg = Release|Any CPU
		{7AA198BE-CF2C-4344-B31F-B1132AA3C8E8}.Release_pre-ef6_net40|Any CPU.Build.0 = Release|Any CPU
		{7AA198BE-CF2C-4344-B31F-B1132AA3C8E8}.Release_pre-ef6_net45|Any CPU.ActiveCfg = Release|Any CPU
		{7AA198BE-CF2C-4344-B31F-B1132AA3C8E8}.Release_pre-ef6_net45|Any CPU.Build.0 = Release|Any CPU
		{7AA198BE-CF2C-4344-B31F-B1132AA3C8E8}.Release|Any CPU.ActiveCfg = Release|Any CPU
		{7AA198BE-CF2C-4344-B31F-B1132AA3C8E8}.Release|Any CPU.Build.0 = Release|Any CPU
		{98EC26D6-EB29-454C-9DFA-300CFCA8F3AD}.Debug_ef6_net40|Any CPU.ActiveCfg = Debug|Any CPU
		{98EC26D6-EB29-454C-9DFA-300CFCA8F3AD}.Debug_ef6_net40|Any CPU.Build.0 = Debug|Any CPU
		{98EC26D6-EB29-454C-9DFA-300CFCA8F3AD}.Debug_ef6_net45|Any CPU.ActiveCfg = Debug|Any CPU
		{98EC26D6-EB29-454C-9DFA-300CFCA8F3AD}.Debug_ef6_net45|Any CPU.Build.0 = Debug|Any CPU
		{98EC26D6-EB29-454C-9DFA-300CFCA8F3AD}.Debug_pre-ef6_net40|Any CPU.ActiveCfg = Debug|Any CPU
		{98EC26D6-EB29-454C-9DFA-300CFCA8F3AD}.Debug_pre-ef6_net40|Any CPU.Build.0 = Debug|Any CPU
		{98EC26D6-EB29-454C-9DFA-300CFCA8F3AD}.Debug_pre-ef6_net45|Any CPU.ActiveCfg = Debug|Any CPU
		{98EC26D6-EB29-454C-9DFA-300CFCA8F3AD}.Debug_pre-ef6_net45|Any CPU.Build.0 = Debug|Any CPU
		{98EC26D6-EB29-454C-9DFA-300CFCA8F3AD}.Debug|Any CPU.ActiveCfg = Debug|Any CPU
		{98EC26D6-EB29-454C-9DFA-300CFCA8F3AD}.Debug|Any CPU.Build.0 = Debug|Any CPU
		{98EC26D6-EB29-454C-9DFA-300CFCA8F3AD}.Release_ef6_net40|Any CPU.ActiveCfg = Release|Any CPU
		{98EC26D6-EB29-454C-9DFA-300CFCA8F3AD}.Release_ef6_net40|Any CPU.Build.0 = Release|Any CPU
		{98EC26D6-EB29-454C-9DFA-300CFCA8F3AD}.Release_ef6_net45|Any CPU.ActiveCfg = Release|Any CPU
		{98EC26D6-EB29-454C-9DFA-300CFCA8F3AD}.Release_ef6_net45|Any CPU.Build.0 = Release|Any CPU
		{98EC26D6-EB29-454C-9DFA-300CFCA8F3AD}.Release_pre-ef6_net40|Any CPU.ActiveCfg = Release|Any CPU
		{98EC26D6-EB29-454C-9DFA-300CFCA8F3AD}.Release_pre-ef6_net40|Any CPU.Build.0 = Release|Any CPU
		{98EC26D6-EB29-454C-9DFA-300CFCA8F3AD}.Release_pre-ef6_net45|Any CPU.ActiveCfg = Release|Any CPU
		{98EC26D6-EB29-454C-9DFA-300CFCA8F3AD}.Release_pre-ef6_net45|Any CPU.Build.0 = Release|Any CPU
		{98EC26D6-EB29-454C-9DFA-300CFCA8F3AD}.Release|Any CPU.ActiveCfg = Release|Any CPU
		{98EC26D6-EB29-454C-9DFA-300CFCA8F3AD}.Release|Any CPU.Build.0 = Release|Any CPU
		{72581C1A-6534-4512-B90D-FAA38121C02F}.Debug_ef6_net40|Any CPU.ActiveCfg = Debug|Any CPU
		{72581C1A-6534-4512-B90D-FAA38121C02F}.Debug_ef6_net40|Any CPU.Build.0 = Debug|Any CPU
		{72581C1A-6534-4512-B90D-FAA38121C02F}.Debug_ef6_net45|Any CPU.ActiveCfg = Debug|Any CPU
		{72581C1A-6534-4512-B90D-FAA38121C02F}.Debug_ef6_net45|Any CPU.Build.0 = Debug|Any CPU
		{72581C1A-6534-4512-B90D-FAA38121C02F}.Debug_pre-ef6_net40|Any CPU.ActiveCfg = Debug|Any CPU
		{72581C1A-6534-4512-B90D-FAA38121C02F}.Debug_pre-ef6_net40|Any CPU.Build.0 = Debug|Any CPU
		{72581C1A-6534-4512-B90D-FAA38121C02F}.Debug_pre-ef6_net45|Any CPU.ActiveCfg = Debug|Any CPU
		{72581C1A-6534-4512-B90D-FAA38121C02F}.Debug_pre-ef6_net45|Any CPU.Build.0 = Debug|Any CPU
		{72581C1A-6534-4512-B90D-FAA38121C02F}.Debug|Any CPU.ActiveCfg = Debug|Any CPU
		{72581C1A-6534-4512-B90D-FAA38121C02F}.Debug|Any CPU.Build.0 = Debug|Any CPU
		{72581C1A-6534-4512-B90D-FAA38121C02F}.Release_ef6_net40|Any CPU.ActiveCfg = Release|Any CPU
		{72581C1A-6534-4512-B90D-FAA38121C02F}.Release_ef6_net40|Any CPU.Build.0 = Release|Any CPU
		{72581C1A-6534-4512-B90D-FAA38121C02F}.Release_ef6_net45|Any CPU.ActiveCfg = Release|Any CPU
		{72581C1A-6534-4512-B90D-FAA38121C02F}.Release_ef6_net45|Any CPU.Build.0 = Release|Any CPU
		{72581C1A-6534-4512-B90D-FAA38121C02F}.Release_pre-ef6_net40|Any CPU.ActiveCfg = Release|Any CPU
		{72581C1A-6534-4512-B90D-FAA38121C02F}.Release_pre-ef6_net40|Any CPU.Build.0 = Release|Any CPU
		{72581C1A-6534-4512-B90D-FAA38121C02F}.Release_pre-ef6_net45|Any CPU.ActiveCfg = Release|Any CPU
		{72581C1A-6534-4512-B90D-FAA38121C02F}.Release_pre-ef6_net45|Any CPU.Build.0 = Release|Any CPU
		{72581C1A-6534-4512-B90D-FAA38121C02F}.Release|Any CPU.ActiveCfg = Release|Any CPU
		{72581C1A-6534-4512-B90D-FAA38121C02F}.Release|Any CPU.Build.0 = Release|Any CPU
	EndGlobalSection
	GlobalSection(SolutionProperties) = preSolution
		HideSolutionNode = FALSE
	EndGlobalSection
	GlobalSection(NestedProjects) = preSolution
		{5DC54C26-B99F-497D-9A80-97E42DDF9847} = {C23B6058-7F42-419C-A69F-C0C7C885C488}
		{1411283A-E8E5-4BBC-8202-1A95150BE6C6} = {C23B6058-7F42-419C-A69F-C0C7C885C488}
		{A372288F-D715-4150-A236-1F29B77007EA} = {C23B6058-7F42-419C-A69F-C0C7C885C488}
		{860A9542-5EED-439B-84FC-E3493CC4E320} = {C23B6058-7F42-419C-A69F-C0C7C885C488}
		{377AAA24-DF56-47A4-BEA0-89E73781F6BC} = {1B2081D2-F000-4AA0-A222-131E40336604}
		{D4B3B1FD-F7EA-4C49-AF16-292465F388F3} = {1B2081D2-F000-4AA0-A222-131E40336604}
		{15812047-F683-4354-AB20-89B53C88259F} = {1B2081D2-F000-4AA0-A222-131E40336604}
		{36CDD704-B748-4224-A9DC-3BA11AD5EA07} = {C23B6058-7F42-419C-A69F-C0C7C885C488}
		{E482F0DF-10A7-4307-A5AD-EB7700786FFA} = {C23B6058-7F42-419C-A69F-C0C7C885C488}
		{5A0B3D64-3536-420E-8686-E6BB8F1FAE41} = {1B2081D2-F000-4AA0-A222-131E40336604}
		{7AA198BE-CF2C-4344-B31F-B1132AA3C8E8} = {1B2081D2-F000-4AA0-A222-131E40336604}
		{72581C1A-6534-4512-B90D-FAA38121C02F} = {C23B6058-7F42-419C-A69F-C0C7C885C488}
	EndGlobalSection
EndGlobal
